
Microsoft Visual Studio Solution File, Format Version 11.00
# Visual Studio 2010
Project("{FAE04EC0-301F-11D3-BF4B-00C04F79EFBC}") = "FlatUIKit.Xamarin", "FlatUIKit.Xamarin\FlatUIKit.Xamarin.csproj", "{F2FB09EE-4041-49CF-92C9-09A26ADC8CBE}"
EndProject
Global
	GlobalSection(SolutionConfigurationPlatforms) = preSolution
		Debug|iPhoneSimulator = Debug|iPhoneSimulator
		Release|iPhoneSimulator = Release|iPhoneSimulator
		Debug|iPhone = Debug|iPhone
		Release|iPhone = Release|iPhone
		Ad-Hoc|iPhone = Ad-Hoc|iPhone
		AppStore|iPhone = AppStore|iPhone
	EndGlobalSection
	GlobalSection(ProjectConfigurationPlatforms) = postSolution
		{F2FB09EE-4041-49CF-92C9-09A26ADC8CBE}.Ad-Hoc|iPhone.ActiveCfg = Ad-Hoc|iPhone
		{F2FB09EE-4041-49CF-92C9-09A26ADC8CBE}.Ad-Hoc|iPhone.Build.0 = Ad-Hoc|iPhone
		{F2FB09EE-4041-49CF-92C9-09A26ADC8CBE}.AppStore|iPhone.ActiveCfg = AppStore|iPhone
		{F2FB09EE-4041-49CF-92C9-09A26ADC8CBE}.AppStore|iPhone.Build.0 = AppStore|iPhone
		{F2FB09EE-4041-49CF-92C9-09A26ADC8CBE}.Debug|iPhone.ActiveCfg = Debug|iPhone
		{F2FB09EE-4041-49CF-92C9-09A26ADC8CBE}.Debug|iPhone.Build.0 = Debug|iPhone
		{F2FB09EE-4041-49CF-92C9-09A26ADC8CBE}.Debug|iPhoneSimulator.ActiveCfg = Debug|iPhoneSimulator
		{F2FB09EE-4041-49CF-92C9-09A26ADC8CBE}.Debug|iPhoneSimulator.Build.0 = Debug|iPhoneSimulator
		{F2FB09EE-4041-49CF-92C9-09A26ADC8CBE}.Release|iPhone.ActiveCfg = Release|iPhone
		{F2FB09EE-4041-49CF-92C9-09A26ADC8CBE}.Release|iPhone.Build.0 = Release|iPhone
		{F2FB09EE-4041-49CF-92C9-09A26ADC8CBE}.Release|iPhoneSimulator.ActiveCfg = Release|iPhoneSimulator
		{F2FB09EE-4041-49CF-92C9-09A26ADC8CBE}.Release|iPhoneSimulator.Build.0 = Release|iPhoneSimulator
	EndGlobalSection
	GlobalSection(MonoDevelopProperties) = preSolution
		StartupItem = FlatUIKit.Xamarin\FlatUIKit.Xamarin.csproj
	EndGlobalSection
EndGlobal
